
Microsoft Visual Studio Solution File, Format Version 12.00
# Visual Studio 15
VisualStudioVersion = 15.0.28307.489
MinimumVisualStudioVersion = 10.0.40219.1
Project("{FAE04EC0-301F-11D3-BF4B-00C04F79EFBC}") = "StoreHouseProject.UI", "StoreHouseProject.UI\StoreHouseProject.UI.csproj", "{91CD5324-CDD6-4B23-9EE2-E1A3935FD46E}"
EndProject
Global
	GlobalSection(SolutionConfigurationPlatforms) = preSolution
		Debug|Any CPU = Debug|Any CPU
		Release|Any CPU = Release|Any CPU
	EndGlobalSection
	GlobalSection(ProjectConfigurationPlatforms) = postSolution
		{91CD5324-CDD6-4B23-9EE2-E1A3935FD46E}.Debug|Any CPU.ActiveCfg = Debug|Any CPU
		{91CD5324-CDD6-4B23-9EE2-E1A3935FD46E}.Debug|Any CPU.Build.0 = Debug|Any CPU
		{91CD5324-CDD6-4B23-9EE2-E1A3935FD46E}.Release|Any CPU.ActiveCfg = Release|Any CPU
		{91CD5324-CDD6-4B23-9EE2-E1A3935FD46E}.Release|Any CPU.Build.0 = Release|Any CPU
	EndGlobalSection
	GlobalSection(SolutionProperties) = preSolution
		HideSolutionNode = FALSE
	EndGlobalSection
	GlobalSection(ExtensibilityGlobals) = postSolution
		SolutionGuid = {EA73C387-98ED-42EA-8A3E-CDDF9CC49D58}
	EndGlobalSection
EndGlobal
